
Microsoft Visual Studio Solution File, Format Version 12.00
# Visual Studio 15
VisualStudioVersion = 15.0.34829.251
MinimumVisualStudioVersion = 10.0.40219.1
Project("{8BC9CEB8-8B4A-11D0-8D11-00A0C91BC942}") = "SDL_Project4", "SDL_Project4\SDL_Project4.vcxproj", "{CFA26D7B-765E-44D7-B65D-A5153D2B77B4}"
EndProject
Global
	GlobalSection(SolutionConfigurationPlatforms) = preSolution
		Debug|x64 = Debug|x64
		Debug|x86 = Debug|x86
		Release|x64 = Release|x64
		Release|x86 = Release|x86
	EndGlobalSection
	GlobalSection(ProjectConfigurationPlatforms) = postSolution
		{CFA26D7B-765E-44D7-B65D-A5153D2B77B4}.Debug|x64.ActiveCfg = Debug|x64
		{CFA26D7B-765E-44D7-B65D-A5153D2B77B4}.Debug|x64.Build.0 = Debug|x64
		{CFA26D7B-765E-44D7-B65D-A5153D2B77B4}.Debug|x86.ActiveCfg = Debug|Win32
		{CFA26D7B-765E-44D7-B65D-A5153D2B77B4}.Debug|x86.Build.0 = Debug|Win32
		{CFA26D7B-765E-44D7-B65D-A5153D2B77B4}.Release|x64.ActiveCfg = Release|x64
		{CFA26D7B-765E-44D7-B65D-A5153D2B77B4}.Release|x64.Build.0 = Release|x64
		{CFA26D7B-765E-44D7-B65D-A5153D2B77B4}.Release|x86.ActiveCfg = Release|Win32
		{CFA26D7B-765E-44D7-B65D-A5153D2B77B4}.Release|x86.Build.0 = Release|Win32
	EndGlobalSection
	GlobalSection(SolutionProperties) = preSolution
		HideSolutionNode = FALSE
	EndGlobalSection
	GlobalSection(ExtensibilityGlobals) = postSolution
		SolutionGuid = {9759EB24-29DE-499E-89E5-B092CE897356}
	EndGlobalSection
EndGlobal
